{
  "requires": true,
  "lockfileVersion": 1,
  "dependencies": {
    "phonegap-bluetooth-plugin": {
      "version": "git+https://github.com/tanelih/PhoneGap-bluetooth-plugin.git#b63bb9e287d8a9c65c626371fad75009ccf56ae8",
      "from": "git+https://github.com/tanelih/PhoneGap-bluetooth-plugin.git"
    }
  }
}
